
Microsoft Visual Studio Solution File, Format Version 12.00
# Visual Studio Version 16
VisualStudioVersion = 16.0.30114.105
MinimumVisualStudioVersion = 10.0.40219.1
Project("{FAE04EC0-301F-11D3-BF4B-00C04F79EFBC}") = "01_Types", "01_Types\01_Types.csproj", "{D1680ED1-299D-401E-ACDD-5318350B90B0}"
EndProject
Project("{FAE04EC0-301F-11D3-BF4B-00C04F79EFBC}") = "02_ReferenceTypes", "02_ReferenceTypes\02_ReferenceTypes.csproj", "{D80889C6-5013-40C6-84D7-C4EA6AB23DF8}"
EndProject
Project("{FAE04EC0-301F-11D3-BF4B-00C04F79EFBC}") = "03_Operators", "03_Operators\03_Operators.csproj", "{E1729117-39C0-45B1-8C07-D3C80DD3D1E3}"
EndProject
Project("{FAE04EC0-301F-11D3-BF4B-00C04F79EFBC}") = "04_Conditionals", "04_Conditionals\04_Conditionals.csproj", "{F25F960A-C376-4248-8098-9F832975CBA5}"
EndProject
Project("{FAE04EC0-301F-11D3-BF4B-00C04F79EFBC}") = "05_Loops", "05_Loops\05_Loops.csproj", "{7578B54F-84BB-4D2C-B71D-2C861A08596F}"
EndProject
Global
	GlobalSection(SolutionConfigurationPlatforms) = preSolution
		Debug|Any CPU = Debug|Any CPU
		Release|Any CPU = Release|Any CPU
	EndGlobalSection
	GlobalSection(SolutionProperties) = preSolution
		HideSolutionNode = FALSE
	EndGlobalSection
	GlobalSection(ProjectConfigurationPlatforms) = postSolution
		{D1680ED1-299D-401E-ACDD-5318350B90B0}.Debug|Any CPU.ActiveCfg = Debug|Any CPU
		{D1680ED1-299D-401E-ACDD-5318350B90B0}.Debug|Any CPU.Build.0 = Debug|Any CPU
		{D1680ED1-299D-401E-ACDD-5318350B90B0}.Release|Any CPU.ActiveCfg = Release|Any CPU
		{D1680ED1-299D-401E-ACDD-5318350B90B0}.Release|Any CPU.Build.0 = Release|Any CPU
		{D80889C6-5013-40C6-84D7-C4EA6AB23DF8}.Debug|Any CPU.ActiveCfg = Debug|Any CPU
		{D80889C6-5013-40C6-84D7-C4EA6AB23DF8}.Debug|Any CPU.Build.0 = Debug|Any CPU
		{D80889C6-5013-40C6-84D7-C4EA6AB23DF8}.Release|Any CPU.ActiveCfg = Release|Any CPU
		{D80889C6-5013-40C6-84D7-C4EA6AB23DF8}.Release|Any CPU.Build.0 = Release|Any CPU
		{E1729117-39C0-45B1-8C07-D3C80DD3D1E3}.Debug|Any CPU.ActiveCfg = Debug|Any CPU
		{E1729117-39C0-45B1-8C07-D3C80DD3D1E3}.Debug|Any CPU.Build.0 = Debug|Any CPU
		{E1729117-39C0-45B1-8C07-D3C80DD3D1E3}.Release|Any CPU.ActiveCfg = Release|Any CPU
		{E1729117-39C0-45B1-8C07-D3C80DD3D1E3}.Release|Any CPU.Build.0 = Release|Any CPU
		{F25F960A-C376-4248-8098-9F832975CBA5}.Debug|Any CPU.ActiveCfg = Debug|Any CPU
		{F25F960A-C376-4248-8098-9F832975CBA5}.Debug|Any CPU.Build.0 = Debug|Any CPU
		{F25F960A-C376-4248-8098-9F832975CBA5}.Release|Any CPU.ActiveCfg = Release|Any CPU
		{F25F960A-C376-4248-8098-9F832975CBA5}.Release|Any CPU.Build.0 = Release|Any CPU
		{7578B54F-84BB-4D2C-B71D-2C861A08596F}.Debug|Any CPU.ActiveCfg = Debug|Any CPU
		{7578B54F-84BB-4D2C-B71D-2C861A08596F}.Debug|Any CPU.Build.0 = Debug|Any CPU
		{7578B54F-84BB-4D2C-B71D-2C861A08596F}.Release|Any CPU.ActiveCfg = Release|Any CPU
		{7578B54F-84BB-4D2C-B71D-2C861A08596F}.Release|Any CPU.Build.0 = Release|Any CPU
	EndGlobalSection
EndGlobal
